
Microsoft Visual Studio Solution File, Format Version 12.00
# Visual Studio Version 17
VisualStudioVersion = 17.7.34031.279
MinimumVisualStudioVersion = 10.0.40219.1
Project("{FAE04EC0-301F-11D3-BF4B-00C04F79EFBC}") = "Sum of Integer Array", "Sum of Integer Array\Sum of Integer Array.csproj", "{72B1E9D8-BD73-4743-B263-29DD08AFAB20}"
EndProject
Project("{FAE04EC0-301F-11D3-BF4B-00C04F79EFBC}") = "Factorial", "Factorial\Factorial.csproj", "{BFE8AE42-2F4B-4011-8EC6-057344E08999}"
EndProject
Project("{FAE04EC0-301F-11D3-BF4B-00C04F79EFBC}") = "Array String in Reverse", "Array String in Reverse\Array String in Reverse.csproj", "{9F92F2B3-3479-4FDC-BC4E-CA4635504EE0}"
EndProject
Global
	GlobalSection(SolutionConfigurationPlatforms) = preSolution
		Debug|Any CPU = Debug|Any CPU
		Release|Any CPU = Release|Any CPU
	EndGlobalSection
	GlobalSection(ProjectConfigurationPlatforms) = postSolution
		{72B1E9D8-BD73-4743-B263-29DD08AFAB20}.Debug|Any CPU.ActiveCfg = Debug|Any CPU
		{72B1E9D8-BD73-4743-B263-29DD08AFAB20}.Debug|Any CPU.Build.0 = Debug|Any CPU
		{72B1E9D8-BD73-4743-B263-29DD08AFAB20}.Release|Any CPU.ActiveCfg = Release|Any CPU
		{72B1E9D8-BD73-4743-B263-29DD08AFAB20}.Release|Any CPU.Build.0 = Release|Any CPU
		{BFE8AE42-2F4B-4011-8EC6-057344E08999}.Debug|Any CPU.ActiveCfg = Debug|Any CPU
		{BFE8AE42-2F4B-4011-8EC6-057344E08999}.Debug|Any CPU.Build.0 = Debug|Any CPU
		{BFE8AE42-2F4B-4011-8EC6-057344E08999}.Release|Any CPU.ActiveCfg = Release|Any CPU
		{BFE8AE42-2F4B-4011-8EC6-057344E08999}.Release|Any CPU.Build.0 = Release|Any CPU
		{9F92F2B3-3479-4FDC-BC4E-CA4635504EE0}.Debug|Any CPU.ActiveCfg = Debug|Any CPU
		{9F92F2B3-3479-4FDC-BC4E-CA4635504EE0}.Debug|Any CPU.Build.0 = Debug|Any CPU
		{9F92F2B3-3479-4FDC-BC4E-CA4635504EE0}.Release|Any CPU.ActiveCfg = Release|Any CPU
		{9F92F2B3-3479-4FDC-BC4E-CA4635504EE0}.Release|Any CPU.Build.0 = Release|Any CPU
	EndGlobalSection
	GlobalSection(SolutionProperties) = preSolution
		HideSolutionNode = FALSE
	EndGlobalSection
	GlobalSection(ExtensibilityGlobals) = postSolution
		SolutionGuid = {3408B62F-EB85-4779-A8B1-72B74439B318}
	EndGlobalSection
EndGlobal
